
Microsoft Visual Studio Solution File, Format Version 12.00
# Visual Studio 2012
Project("{FAE04EC0-301F-11D3-BF4B-00C04F79EFBC}") = "CollectionsTest", "CollectionsTest\CollectionsTest.csproj", "{B7C15758-1B01-412D-A95C-342551E81A6A}"
EndProject
Project("{FAE04EC0-301F-11D3-BF4B-00C04F79EFBC}") = "SerializationTest", "..\SerializationTest\SerializationTest\SerializationTest.csproj", "{267CFA77-A1B7-493C-99A1-F2CC2D843B7B}"
EndProject
Project("{FAE04EC0-301F-11D3-BF4B-00C04F79EFBC}") = "AssemblyAttrExample", "AssemblyAttrExample\AssemblyAttrExample.csproj", "{21935B0E-D4E3-415A-8B5C-A354D28EA5A2}"
EndProject
Project("{FAE04EC0-301F-11D3-BF4B-00C04F79EFBC}") = "InterfaceExample", "InterfaceExample\InterfaceExample.csproj", "{693DDC04-ADEE-4044-BBB5-23779D988CAC}"
EndProject
Project("{FAE04EC0-301F-11D3-BF4B-00C04F79EFBC}") = "ConcurrentDic", "ConcurrentDic\ConcurrentDic.csproj", "{16897966-7E80-4D24-9870-C79D6371C039}"
EndProject
Project("{FAE04EC0-301F-11D3-BF4B-00C04F79EFBC}") = "LinqExamples", "LinqExamples\LinqExamples.csproj", "{5966523F-C5E9-4F83-8890-F4B36AE6E3E5}"
EndProject
Project("{FAE04EC0-301F-11D3-BF4B-00C04F79EFBC}") = "ThreadingExample", "ThreadingExample\ThreadingExample.csproj", "{D18BD8E0-AB9A-46C6-9370-AD8CA735AF56}"
EndProject
Project("{FAE04EC0-301F-11D3-BF4B-00C04F79EFBC}") = "SynchronizationExm", "SynchronizationExm\SynchronizationExm.csproj", "{30C7D535-C86D-45D5-9076-AE6BE0216F95}"
EndProject
Project("{FAE04EC0-301F-11D3-BF4B-00C04F79EFBC}") = "DelegatesAndEvents", "DelegatesAndEvents\DelegatesAndEvents.csproj", "{2CBE0B04-0627-44E5-9DC9-4BEBB4CC7577}"
EndProject
Project("{FAE04EC0-301F-11D3-BF4B-00C04F79EFBC}") = "UriExample", "UriExample\UriExample.csproj", "{5CA149BA-DDB9-4E53-8858-C037629C85EC}"
EndProject
Project("{FAE04EC0-301F-11D3-BF4B-00C04F79EFBC}") = "FreeFlowExamples", "FreeFlowExamples\FreeFlowExamples.csproj", "{553D9462-DB7F-410A-849B-023AFF5AADC5}"
EndProject
Project("{FAE04EC0-301F-11D3-BF4B-00C04F79EFBC}") = "JsonAndXmlValidation", "JsonAndXmlValidation\JsonAndXmlValidation.csproj", "{43740BC7-736A-43BE-AF7E-78BF4147A310}"
EndProject
Project("{FAE04EC0-301F-11D3-BF4B-00C04F79EFBC}") = "ModelSample", "ModelSample\ModelSample.csproj", "{270D7FE4-3816-48DB-A114-35DE9F13EAE0}"
EndProject
Project("{FAE04EC0-301F-11D3-BF4B-00C04F79EFBC}") = "RegexExample", "RegexExample\RegexExample.csproj", "{37728C2B-5964-42A3-8FEA-A9BAF30DA66E}"
EndProject
Project("{FAE04EC0-301F-11D3-BF4B-00C04F79EFBC}") = "ExplicitImplicitOperatorExample", "ExplicitImplicitOperatorExample\ExplicitImplicitOperatorExample.csproj", "{F96CBD96-5002-4CC4-A119-E31B64ED872A}"
EndProject
<<<<<<< HEAD
Project("{FAE04EC0-301F-11D3-BF4B-00C04F79EFBC}") = "AutoMapperExample", "AutoMapperExample\AutoMapperExample.csproj", "{90BE736B-1944-4768-ADC6-0C7F806D07C8}"
EndProject
Project("{FAE04EC0-301F-11D3-BF4B-00C04F79EFBC}") = "UnityContainerExample", "UnityContainerExample\UnityContainerExample.csproj", "{F1DF6DD4-CD3D-44DF-A8FA-88C5AD4A4CFF}"
EndProject
Project("{2150E333-8FDC-42A3-9474-1A3956D46DE8}") = "UnityContainer", "UnityContainer", "{BC55BC6C-1012-40F5-8A0E-D5DC036A9318}"
=======
Project("{FAE04EC0-301F-11D3-BF4B-00C04F79EFBC}") = "KatanaExample", "KatanaExample\KatanaExample.csproj", "{A143B419-0508-4791-AF36-B26D8C3580DB}"
>>>>>>> 1b4cd0170f45da1b52579a3b92b083d9c1bcb4d1
EndProject
Global
	GlobalSection(SolutionConfigurationPlatforms) = preSolution
		Debug|Any CPU = Debug|Any CPU
		Release|Any CPU = Release|Any CPU
	EndGlobalSection
	GlobalSection(ProjectConfigurationPlatforms) = postSolution
		{B7C15758-1B01-412D-A95C-342551E81A6A}.Debug|Any CPU.ActiveCfg = Debug|Any CPU
		{B7C15758-1B01-412D-A95C-342551E81A6A}.Debug|Any CPU.Build.0 = Debug|Any CPU
		{B7C15758-1B01-412D-A95C-342551E81A6A}.Release|Any CPU.ActiveCfg = Release|Any CPU
		{B7C15758-1B01-412D-A95C-342551E81A6A}.Release|Any CPU.Build.0 = Release|Any CPU
		{267CFA77-A1B7-493C-99A1-F2CC2D843B7B}.Debug|Any CPU.ActiveCfg = Debug|Any CPU
		{267CFA77-A1B7-493C-99A1-F2CC2D843B7B}.Debug|Any CPU.Build.0 = Debug|Any CPU
		{267CFA77-A1B7-493C-99A1-F2CC2D843B7B}.Release|Any CPU.ActiveCfg = Release|Any CPU
		{267CFA77-A1B7-493C-99A1-F2CC2D843B7B}.Release|Any CPU.Build.0 = Release|Any CPU
		{21935B0E-D4E3-415A-8B5C-A354D28EA5A2}.Debug|Any CPU.ActiveCfg = Debug|Any CPU
		{21935B0E-D4E3-415A-8B5C-A354D28EA5A2}.Debug|Any CPU.Build.0 = Debug|Any CPU
		{21935B0E-D4E3-415A-8B5C-A354D28EA5A2}.Release|Any CPU.ActiveCfg = Release|Any CPU
		{21935B0E-D4E3-415A-8B5C-A354D28EA5A2}.Release|Any CPU.Build.0 = Release|Any CPU
		{693DDC04-ADEE-4044-BBB5-23779D988CAC}.Debug|Any CPU.ActiveCfg = Debug|Any CPU
		{693DDC04-ADEE-4044-BBB5-23779D988CAC}.Debug|Any CPU.Build.0 = Debug|Any CPU
		{693DDC04-ADEE-4044-BBB5-23779D988CAC}.Release|Any CPU.ActiveCfg = Release|Any CPU
		{693DDC04-ADEE-4044-BBB5-23779D988CAC}.Release|Any CPU.Build.0 = Release|Any CPU
		{16897966-7E80-4D24-9870-C79D6371C039}.Debug|Any CPU.ActiveCfg = Debug|Any CPU
		{16897966-7E80-4D24-9870-C79D6371C039}.Debug|Any CPU.Build.0 = Debug|Any CPU
		{16897966-7E80-4D24-9870-C79D6371C039}.Release|Any CPU.ActiveCfg = Release|Any CPU
		{16897966-7E80-4D24-9870-C79D6371C039}.Release|Any CPU.Build.0 = Release|Any CPU
		{5966523F-C5E9-4F83-8890-F4B36AE6E3E5}.Debug|Any CPU.ActiveCfg = Debug|Any CPU
		{5966523F-C5E9-4F83-8890-F4B36AE6E3E5}.Debug|Any CPU.Build.0 = Debug|Any CPU
		{5966523F-C5E9-4F83-8890-F4B36AE6E3E5}.Release|Any CPU.ActiveCfg = Release|Any CPU
		{5966523F-C5E9-4F83-8890-F4B36AE6E3E5}.Release|Any CPU.Build.0 = Release|Any CPU
		{D18BD8E0-AB9A-46C6-9370-AD8CA735AF56}.Debug|Any CPU.ActiveCfg = Debug|Any CPU
		{D18BD8E0-AB9A-46C6-9370-AD8CA735AF56}.Debug|Any CPU.Build.0 = Debug|Any CPU
		{D18BD8E0-AB9A-46C6-9370-AD8CA735AF56}.Release|Any CPU.ActiveCfg = Release|Any CPU
		{D18BD8E0-AB9A-46C6-9370-AD8CA735AF56}.Release|Any CPU.Build.0 = Release|Any CPU
		{30C7D535-C86D-45D5-9076-AE6BE0216F95}.Debug|Any CPU.ActiveCfg = Debug|Any CPU
		{30C7D535-C86D-45D5-9076-AE6BE0216F95}.Debug|Any CPU.Build.0 = Debug|Any CPU
		{30C7D535-C86D-45D5-9076-AE6BE0216F95}.Release|Any CPU.ActiveCfg = Release|Any CPU
		{30C7D535-C86D-45D5-9076-AE6BE0216F95}.Release|Any CPU.Build.0 = Release|Any CPU
		{2CBE0B04-0627-44E5-9DC9-4BEBB4CC7577}.Debug|Any CPU.ActiveCfg = Debug|Any CPU
		{2CBE0B04-0627-44E5-9DC9-4BEBB4CC7577}.Debug|Any CPU.Build.0 = Debug|Any CPU
		{2CBE0B04-0627-44E5-9DC9-4BEBB4CC7577}.Release|Any CPU.ActiveCfg = Release|Any CPU
		{2CBE0B04-0627-44E5-9DC9-4BEBB4CC7577}.Release|Any CPU.Build.0 = Release|Any CPU
		{5CA149BA-DDB9-4E53-8858-C037629C85EC}.Debug|Any CPU.ActiveCfg = Debug|Any CPU
		{5CA149BA-DDB9-4E53-8858-C037629C85EC}.Debug|Any CPU.Build.0 = Debug|Any CPU
		{5CA149BA-DDB9-4E53-8858-C037629C85EC}.Release|Any CPU.ActiveCfg = Release|Any CPU
		{5CA149BA-DDB9-4E53-8858-C037629C85EC}.Release|Any CPU.Build.0 = Release|Any CPU
		{553D9462-DB7F-410A-849B-023AFF5AADC5}.Debug|Any CPU.ActiveCfg = Debug|Any CPU
		{553D9462-DB7F-410A-849B-023AFF5AADC5}.Debug|Any CPU.Build.0 = Debug|Any CPU
		{553D9462-DB7F-410A-849B-023AFF5AADC5}.Release|Any CPU.ActiveCfg = Release|Any CPU
		{553D9462-DB7F-410A-849B-023AFF5AADC5}.Release|Any CPU.Build.0 = Release|Any CPU
		{43740BC7-736A-43BE-AF7E-78BF4147A310}.Debug|Any CPU.ActiveCfg = Debug|Any CPU
		{43740BC7-736A-43BE-AF7E-78BF4147A310}.Debug|Any CPU.Build.0 = Debug|Any CPU
		{43740BC7-736A-43BE-AF7E-78BF4147A310}.Release|Any CPU.ActiveCfg = Release|Any CPU
		{43740BC7-736A-43BE-AF7E-78BF4147A310}.Release|Any CPU.Build.0 = Release|Any CPU
		{270D7FE4-3816-48DB-A114-35DE9F13EAE0}.Debug|Any CPU.ActiveCfg = Debug|Any CPU
		{270D7FE4-3816-48DB-A114-35DE9F13EAE0}.Debug|Any CPU.Build.0 = Debug|Any CPU
		{270D7FE4-3816-48DB-A114-35DE9F13EAE0}.Release|Any CPU.ActiveCfg = Release|Any CPU
		{270D7FE4-3816-48DB-A114-35DE9F13EAE0}.Release|Any CPU.Build.0 = Release|Any CPU
		{37728C2B-5964-42A3-8FEA-A9BAF30DA66E}.Debug|Any CPU.ActiveCfg = Debug|Any CPU
		{37728C2B-5964-42A3-8FEA-A9BAF30DA66E}.Debug|Any CPU.Build.0 = Debug|Any CPU
		{37728C2B-5964-42A3-8FEA-A9BAF30DA66E}.Release|Any CPU.ActiveCfg = Release|Any CPU
		{37728C2B-5964-42A3-8FEA-A9BAF30DA66E}.Release|Any CPU.Build.0 = Release|Any CPU
		{F96CBD96-5002-4CC4-A119-E31B64ED872A}.Debug|Any CPU.ActiveCfg = Debug|Any CPU
		{F96CBD96-5002-4CC4-A119-E31B64ED872A}.Debug|Any CPU.Build.0 = Debug|Any CPU
		{F96CBD96-5002-4CC4-A119-E31B64ED872A}.Release|Any CPU.ActiveCfg = Release|Any CPU
		{F96CBD96-5002-4CC4-A119-E31B64ED872A}.Release|Any CPU.Build.0 = Release|Any CPU
<<<<<<< HEAD
		{90BE736B-1944-4768-ADC6-0C7F806D07C8}.Debug|Any CPU.ActiveCfg = Debug|Any CPU
		{90BE736B-1944-4768-ADC6-0C7F806D07C8}.Debug|Any CPU.Build.0 = Debug|Any CPU
		{90BE736B-1944-4768-ADC6-0C7F806D07C8}.Release|Any CPU.ActiveCfg = Release|Any CPU
		{90BE736B-1944-4768-ADC6-0C7F806D07C8}.Release|Any CPU.Build.0 = Release|Any CPU
		{F1DF6DD4-CD3D-44DF-A8FA-88C5AD4A4CFF}.Debug|Any CPU.ActiveCfg = Debug|Any CPU
		{F1DF6DD4-CD3D-44DF-A8FA-88C5AD4A4CFF}.Debug|Any CPU.Build.0 = Debug|Any CPU
		{F1DF6DD4-CD3D-44DF-A8FA-88C5AD4A4CFF}.Release|Any CPU.ActiveCfg = Release|Any CPU
		{F1DF6DD4-CD3D-44DF-A8FA-88C5AD4A4CFF}.Release|Any CPU.Build.0 = Release|Any CPU
=======
		{A143B419-0508-4791-AF36-B26D8C3580DB}.Debug|Any CPU.ActiveCfg = Debug|Any CPU
		{A143B419-0508-4791-AF36-B26D8C3580DB}.Debug|Any CPU.Build.0 = Debug|Any CPU
		{A143B419-0508-4791-AF36-B26D8C3580DB}.Release|Any CPU.ActiveCfg = Release|Any CPU
		{A143B419-0508-4791-AF36-B26D8C3580DB}.Release|Any CPU.Build.0 = Release|Any CPU
>>>>>>> 1b4cd0170f45da1b52579a3b92b083d9c1bcb4d1
	EndGlobalSection
	GlobalSection(SolutionProperties) = preSolution
		HideSolutionNode = FALSE
	EndGlobalSection
	GlobalSection(NestedProjects) = preSolution
		{F1DF6DD4-CD3D-44DF-A8FA-88C5AD4A4CFF} = {BC55BC6C-1012-40F5-8A0E-D5DC036A9318}
	EndGlobalSection
	GlobalSection(ExtensibilityGlobals) = postSolution
		EnterpriseLibraryConfigurationToolBinariesPathV6 = packages\EnterpriseLibrary.Common.6.0.1304.0\lib\NET45
	EndGlobalSection
EndGlobal
